<?xml version="1.0" encoding="utf-8"?>
<Project ToolsVersion="4.0" xmlns="http://schemas.microsoft.com/developer/msbuild/2003">
  <ItemGroup>
    <Filter Include="源文件">
      <UniqueIdentifier>{4FC737F1-C7A5-4376-A066-2A32D752A2FF}</UniqueIdentifier>
      <Extensions>cpp;c;cc;cxx;def;odl;idl;hpj;bat;asm;asmx</Extensions>
    </Filter>
    <Filter Include="头文件">
      <UniqueIdentifier>{93995380-89BD-4b04-88EB-625FBE52EBFB}</UniqueIdentifier>
      <Extensions>h;hpp;hxx;hm;inl;inc;xsd</Extensions>
    </Filter>
    <Filter Include="资源文件">
      <UniqueIdentifier>{67DA6AB6-F800-4c08-8B7A-83BB121AAD01}</UniqueIdentifier>
      <Extensions>rc;ico;cur;bmp;dlg;rc2;rct;bin;rgs;gif;jpg;jpeg;jpe;resx;tiff;tif;png;wav;mfcribbon-ms</Extensions>
    </Filter>
  </ItemGroup>
  <ItemGroup>
    <None Include="ReadMe.txt" />
    <None Include="res\AnmPicRgz.rc2">
      <Filter>资源文件</Filter>
    </None>
    <None Include="res\AnmPicRgz.ico">
      <Filter>资源文件</Filter>
    </None>
  </ItemGroup>
  <ItemGroup>
    <ClInclude Include="AnmPicRgz.h">
      <Filter>头文件</Filter>
    </ClInclude>
    <ClInclude Include="AnmPicRgzDlg.h">
      <Filter>头文件</Filter>
    </ClInclude>
    <ClInclude Include="stdafx.h">
      <Filter>头文件</Filter>
    </ClInclude>
    <ClInclude Include="targetver.h">
      <Filter>头文件</Filter>
    </ClInclude>
    <ClInclude Include="Resource.h">
      <Filter>头文件</Filter>
    </ClInclude>
    <ClInclude Include="mostmaybe.h">
      <Filter>头文件</Filter>
    </ClInclude>
    <ClInclude Include="Histogram.h">
      <Filter>头文件</Filter>
    </ClInclude>
    <ClInclude Include="InitialBlock.h">
      <Filter>头文件</Filter>
    </ClInclude>
    <ClInclude Include="InitialFile.h">
      <Filter>头文件</Filter>
    </ClInclude>
    <ClInclude Include="Data.h">
      <Filter>头文件</Filter>
    </ClInclude>
    <ClInclude Include="InitDlg.h">
      <Filter>头文件</Filter>
    </ClInclude>
    <ClInclude Include="AboutDlg.h">
      <Filter>头文件</Filter>
    </ClInclude>
    <ClInclude Include="AnmPlace.h">
      <Filter>头文件</Filter>
    </ClInclude>
    <ClInclude Include="ConfirmDlg.h">
      <Filter>头文件</Filter>
    </ClInclude>
    <ClInclude Include="EasySize.h">
      <Filter>头文件</Filter>
    </ClInclude>
  </ItemGroup>
  <ItemGroup>
    <ClCompile Include="AnmPicRgz.cpp">
      <Filter>源文件</Filter>
    </ClCompile>
    <ClCompile Include="AnmPicRgzDlg.cpp">
      <Filter>源文件</Filter>
    </ClCompile>
    <ClCompile Include="stdafx.cpp">
      <Filter>源文件</Filter>
    </ClCompile>
    <ClCompile Include="imgShow.cpp">
      <Filter>源文件</Filter>
    </ClCompile>
    <ClCompile Include="threadbranch.cpp">
      <Filter>源文件</Filter>
    </ClCompile>
    <ClCompile Include="Histogram.cpp">
      <Filter>源文件</Filter>
    </ClCompile>
    <ClCompile Include="InitialBlock.cpp">
      <Filter>源文件</Filter>
    </ClCompile>
    <ClCompile Include="InitialFile.cpp">
      <Filter>源文件</Filter>
    </ClCompile>
    <ClCompile Include="InitDlg.cpp">
      <Filter>源文件</Filter>
    </ClCompile>
    <ClCompile Include="ButtonClickFunc.cpp">
      <Filter>源文件</Filter>
    </ClCompile>
    <ClCompile Include="AboutDlg.cpp">
      <Filter>源文件</Filter>
    </ClCompile>
    <ClCompile Include="ConfirmDlg.cpp">
      <Filter>源文件</Filter>
    </ClCompile>
  </ItemGroup>
  <ItemGroup>
    <ResourceCompile Include="AnmPicRgz.rc">
      <Filter>资源文件</Filter>
    </ResourceCompile>
  </ItemGroup>
</Project>